
Microsoft Visual Studio Solution File, Format Version 12.00
# Visual Studio Version 17
VisualStudioVersion = 17.11.35303.130
MinimumVisualStudioVersion = 10.0.40219.1
Project("{FAE04EC0-301F-11D3-BF4B-00C04F79EFBC}") = "ejercicio_con_listas", "ejercicio_con_listas.csproj", "{F80F0CBF-A19E-4703-820E-85CB7E5BB14E}"
EndProject
Global
	GlobalSection(SolutionConfigurationPlatforms) = preSolution
		Debug|Any CPU = Debug|Any CPU
		Release|Any CPU = Release|Any CPU
	EndGlobalSection
	GlobalSection(ProjectConfigurationPlatforms) = postSolution
		{F80F0CBF-A19E-4703-820E-85CB7E5BB14E}.Debug|Any CPU.ActiveCfg = Debug|Any CPU
		{F80F0CBF-A19E-4703-820E-85CB7E5BB14E}.Debug|Any CPU.Build.0 = Debug|Any CPU
		{F80F0CBF-A19E-4703-820E-85CB7E5BB14E}.Release|Any CPU.ActiveCfg = Release|Any CPU
		{F80F0CBF-A19E-4703-820E-85CB7E5BB14E}.Release|Any CPU.Build.0 = Release|Any CPU
	EndGlobalSection
	GlobalSection(SolutionProperties) = preSolution
		HideSolutionNode = FALSE
	EndGlobalSection
	GlobalSection(ExtensibilityGlobals) = postSolution
		SolutionGuid = {C0EEA46D-0F79-461E-A9C7-FF9FA5490E88}
	EndGlobalSection
EndGlobal
